
Microsoft Visual Studio Solution File, Format Version 12.00
# Visual Studio Version 16
VisualStudioVersion = 16.0.31515.178
MinimumVisualStudioVersion = 10.0.40219.1
Project("{FAE04EC0-301F-11D3-BF4B-00C04F79EFBC}") = "BrandActivationStudio", "BrandActivationStudio\BrandActivationStudio.csproj", "{0A539220-3FD8-48D9-BE91-18A300322179}"
EndProject
Global
	GlobalSection(SolutionConfigurationPlatforms) = preSolution
		Debug|Any CPU = Debug|Any CPU
		Release|Any CPU = Release|Any CPU
	EndGlobalSection
	GlobalSection(ProjectConfigurationPlatforms) = postSolution
		{0A539220-3FD8-48D9-BE91-18A300322179}.Debug|Any CPU.ActiveCfg = Debug|Any CPU
		{0A539220-3FD8-48D9-BE91-18A300322179}.Debug|Any CPU.Build.0 = Debug|Any CPU
		{0A539220-3FD8-48D9-BE91-18A300322179}.Release|Any CPU.ActiveCfg = Release|Any CPU
		{0A539220-3FD8-48D9-BE91-18A300322179}.Release|Any CPU.Build.0 = Release|Any CPU
	EndGlobalSection
	GlobalSection(SolutionProperties) = preSolution
		HideSolutionNode = FALSE
	EndGlobalSection
	GlobalSection(ExtensibilityGlobals) = postSolution
		SolutionGuid = {8E8F6A5E-81C5-41B8-8619-978D977D745A}
	EndGlobalSection
EndGlobal
